{
  "name": "reality-mixer",
  "version": "1.0.0",
  "lockfileVersion": 2,
  "requires": true,
  "packages": {
    "": {
      "name": "reality-mixer",
      "version": "1.0.0",
      "license": "MIT",
      "dependencies": {
        "three": "^0.140.0"
      }
    },
    "node_modules/three": {
      "version": "0.140.0",
      "resolved": "https://registry.npmjs.org/three/-/three-0.140.0.tgz",
      "integrity": "sha512-jcHjbnYspPLDdsDQChmzyAoZ5KhJbgFk6pNGlAIc9fQMvsfPGjF5H9glrngqvb2CR/qXcClMyp5PYdF996lldA=="
    }
  },
  "dependencies": {
    "three": {
      "version": "0.140.0",
      "resolved": "https://registry.npmjs.org/three/-/three-0.140.0.tgz",
      "integrity": "sha512-jcHjbnYspPLDdsDQChmzyAoZ5KhJbgFk6pNGlAIc9fQMvsfPGjF5H9glrngqvb2CR/qXcClMyp5PYdF996lldA=="
    }
  }
}
